
Microsoft Visual Studio Solution File, Format Version 12.00
# Visual Studio 2012
Project("{8BC9CEB8-8B4A-11D0-8D11-00A0C91BC942}") = "MFCApplication1", "MFCApplication1\MFCApplication1.vcxproj", "{8C2A7987-BAC4-4FE9-8523-FFCBE9FCBFCB}"
EndProject
Global
	GlobalSection(SolutionConfigurationPlatforms) = preSolution
		Debug|Win32 = Debug|Win32
		Release|Win32 = Release|Win32
	EndGlobalSection
	GlobalSection(ProjectConfigurationPlatforms) = postSolution
		{8C2A7987-BAC4-4FE9-8523-FFCBE9FCBFCB}.Debug|Win32.ActiveCfg = Debug|Win32
		{8C2A7987-BAC4-4FE9-8523-FFCBE9FCBFCB}.Debug|Win32.Build.0 = Debug|Win32
		{8C2A7987-BAC4-4FE9-8523-FFCBE9FCBFCB}.Release|Win32.ActiveCfg = Release|Win32
		{8C2A7987-BAC4-4FE9-8523-FFCBE9FCBFCB}.Release|Win32.Build.0 = Release|Win32
	EndGlobalSection
	GlobalSection(SolutionProperties) = preSolution
		HideSolutionNode = FALSE
	EndGlobalSection
EndGlobal
